
Microsoft Visual Studio Solution File, Format Version 12.00
# Visual Studio Version 17
VisualStudioVersion = 17.13.35825.156 d17.13
MinimumVisualStudioVersion = 10.0.40219.1
Project("{FAE04EC0-301F-11D3-BF4B-00C04F79EFBC}") = "Ejercicio 9", "Ejercicio 9.csproj", "{2144AAEC-D5E2-48C9-A157-41B507B936B2}"
EndProject
Global
	GlobalSection(SolutionConfigurationPlatforms) = preSolution
		Debug|Any CPU = Debug|Any CPU
		Release|Any CPU = Release|Any CPU
	EndGlobalSection
	GlobalSection(ProjectConfigurationPlatforms) = postSolution
		{2144AAEC-D5E2-48C9-A157-41B507B936B2}.Debug|Any CPU.ActiveCfg = Debug|Any CPU
		{2144AAEC-D5E2-48C9-A157-41B507B936B2}.Debug|Any CPU.Build.0 = Debug|Any CPU
		{2144AAEC-D5E2-48C9-A157-41B507B936B2}.Release|Any CPU.ActiveCfg = Release|Any CPU
		{2144AAEC-D5E2-48C9-A157-41B507B936B2}.Release|Any CPU.Build.0 = Release|Any CPU
	EndGlobalSection
	GlobalSection(SolutionProperties) = preSolution
		HideSolutionNode = FALSE
	EndGlobalSection
	GlobalSection(ExtensibilityGlobals) = postSolution
		SolutionGuid = {32D583F0-DB95-4306-A97C-5B35C286BED9}
	EndGlobalSection
EndGlobal
