
Microsoft Visual Studio Solution File, Format Version 12.00
# Visual Studio Version 17
VisualStudioVersion = 17.13.35825.156 d17.13
MinimumVisualStudioVersion = 10.0.40219.1
Project("{FAE04EC0-301F-11D3-BF4B-00C04F79EFBC}") = "Ejercicio 5", "Ejercicio 5.csproj", "{CA21769B-6CF9-409D-B9E2-06444DD75B9F}"
EndProject
Global
	GlobalSection(SolutionConfigurationPlatforms) = preSolution
		Debug|Any CPU = Debug|Any CPU
		Release|Any CPU = Release|Any CPU
	EndGlobalSection
	GlobalSection(ProjectConfigurationPlatforms) = postSolution
		{CA21769B-6CF9-409D-B9E2-06444DD75B9F}.Debug|Any CPU.ActiveCfg = Debug|Any CPU
		{CA21769B-6CF9-409D-B9E2-06444DD75B9F}.Debug|Any CPU.Build.0 = Debug|Any CPU
		{CA21769B-6CF9-409D-B9E2-06444DD75B9F}.Release|Any CPU.ActiveCfg = Release|Any CPU
		{CA21769B-6CF9-409D-B9E2-06444DD75B9F}.Release|Any CPU.Build.0 = Release|Any CPU
	EndGlobalSection
	GlobalSection(SolutionProperties) = preSolution
		HideSolutionNode = FALSE
	EndGlobalSection
	GlobalSection(ExtensibilityGlobals) = postSolution
		SolutionGuid = {66BA6C7A-2F13-47B4-AB8F-8CB99B76808C}
	EndGlobalSection
EndGlobal
