
Microsoft Visual Studio Solution File, Format Version 12.00
# Visual Studio Version 17
VisualStudioVersion = 17.13.35825.156 d17.13
MinimumVisualStudioVersion = 10.0.40219.1
Project("{FAE04EC0-301F-11D3-BF4B-00C04F79EFBC}") = "Ejercicio 1", "Ejercicio 1.csproj", "{FB537D79-D291-4753-A3BB-25D1F36F8573}"
EndProject
Global
	GlobalSection(SolutionConfigurationPlatforms) = preSolution
		Debug|Any CPU = Debug|Any CPU
		Release|Any CPU = Release|Any CPU
	EndGlobalSection
	GlobalSection(ProjectConfigurationPlatforms) = postSolution
		{FB537D79-D291-4753-A3BB-25D1F36F8573}.Debug|Any CPU.ActiveCfg = Debug|Any CPU
		{FB537D79-D291-4753-A3BB-25D1F36F8573}.Debug|Any CPU.Build.0 = Debug|Any CPU
		{FB537D79-D291-4753-A3BB-25D1F36F8573}.Release|Any CPU.ActiveCfg = Release|Any CPU
		{FB537D79-D291-4753-A3BB-25D1F36F8573}.Release|Any CPU.Build.0 = Release|Any CPU
	EndGlobalSection
	GlobalSection(SolutionProperties) = preSolution
		HideSolutionNode = FALSE
	EndGlobalSection
	GlobalSection(ExtensibilityGlobals) = postSolution
		SolutionGuid = {0EA569E7-6C18-467C-BF58-E6CA38DC6011}
	EndGlobalSection
EndGlobal
